
Microsoft Visual Studio Solution File, Format Version 12.00
# Visual Studio 15
VisualStudioVersion = 15.0.28010.2041
MinimumVisualStudioVersion = 10.0.40219.1
Project("{FAE04EC0-301F-11D3-BF4B-00C04F79EFBC}") = "SharedPreferencesLibrary", "SharedPreferencesLibrary\SharedPreferencesLibrary.csproj", "{E872489C-733A-43EE-8ECC-1EDA5567EAD8}"
EndProject
Global
	GlobalSection(SolutionConfigurationPlatforms) = preSolution
		Debug|Any CPU = Debug|Any CPU
		Release|Any CPU = Release|Any CPU
	EndGlobalSection
	GlobalSection(ProjectConfigurationPlatforms) = postSolution
		{E872489C-733A-43EE-8ECC-1EDA5567EAD8}.Debug|Any CPU.ActiveCfg = Debug|Any CPU
		{E872489C-733A-43EE-8ECC-1EDA5567EAD8}.Debug|Any CPU.Build.0 = Debug|Any CPU
		{E872489C-733A-43EE-8ECC-1EDA5567EAD8}.Release|Any CPU.ActiveCfg = Release|Any CPU
		{E872489C-733A-43EE-8ECC-1EDA5567EAD8}.Release|Any CPU.Build.0 = Release|Any CPU
	EndGlobalSection
	GlobalSection(SolutionProperties) = preSolution
		HideSolutionNode = FALSE
	EndGlobalSection
	GlobalSection(ExtensibilityGlobals) = postSolution
		SolutionGuid = {652BD693-AFD5-465A-931A-A9C21574E350}
	EndGlobalSection
EndGlobal
